// !$*UTF8*$!
{
	archiveVersion = 1;
	classes = {
	};
	objectVersion = 55;
	objects = {

/* Begin PBXBuildFile section */
		C85875772895FF410089244E /* WeatherModel.swift in Sources */ = {isa = PBXBuildFile; fileRef = C85875762895FF410089244E /* WeatherModel.swift */; };
		C858757928961B490089244E /* WeatherModelMapper.swift in Sources */ = {isa = PBXBuildFile; fileRef = C858757828961B490089244E /* WeatherModelMapper.swift */; };
		C87527822897A26700A741AC /* WeatherSettingView.swift in Sources */ = {isa = PBXBuildFile; fileRef = C87527812897A26700A741AC /* WeatherSettingView.swift */; };
		C893817B28977457003A55FA /* WeatherHomeView.swift in Sources */ = {isa = PBXBuildFile; fileRef = C893817A28977457003A55FA /* WeatherHomeView.swift */; };
		C8A372432895D05A00D4BA81 /* App_ClimaApp.swift in Sources */ = {isa = PBXBuildFile; fileRef = C8A372422895D05A00D4BA81 /* App_ClimaApp.swift */; };
		C8A372472895D06100D4BA81 /* Assets.xcassets in Resources */ = {isa = PBXBuildFile; fileRef = C8A372462895D06100D4BA81 /* Assets.xcassets */; };
		C8A3724A2895D06100D4BA81 /* Preview Assets.xcassets in Resources */ = {isa = PBXBuildFile; fileRef = C8A372492895D06100D4BA81 /* Preview Assets.xcassets */; };
		C8A372512895D22E00D4BA81 /* WeatherResponseModel.swift in Sources */ = {isa = PBXBuildFile; fileRef = C8A372502895D22E00D4BA81 /* WeatherResponseModel.swift */; };
		C8EABD622898319A0003B3E2 /* WeatherAddCityView.swift in Sources */ = {isa = PBXBuildFile; fileRef = C8EABD612898319A0003B3E2 /* WeatherAddCityView.swift */; };
		C8EABD6628985BAF0003B3E2 /* Constants.swift in Sources */ = {isa = PBXBuildFile; fileRef = C8EABD6528985BAF0003B3E2 /* Constants.swift */; };
		C8EABD6928988A550003B3E2 /* WeatherHomeRowView.swift in Sources */ = {isa = PBXBuildFile; fileRef = C8EABD6828988A550003B3E2 /* WeatherHomeRowView.swift */; };
		C8EABD6B2898A44A0003B3E2 /* ApiClient.swift in Sources */ = {isa = PBXBuildFile; fileRef = C8EABD6A2898A44A0003B3E2 /* ApiClient.swift */; };
		C8EABD752898BE4C0003B3E2 /* CityDetailsView.swift in Sources */ = {isa = PBXBuildFile; fileRef = C8EABD742898BE4C0003B3E2 /* CityDetailsView.swift */; };
/* End PBXBuildFile section */

/* Begin PBXFileReference section */
		C85875762895FF410089244E /* WeatherModel.swift */ = {isa = PBXFileReference; lastKnownFileType = sourcecode.swift; path = WeatherModel.swift; sourceTree = "<group>"; };
		C858757828961B490089244E /* WeatherModelMapper.swift */ = {isa = PBXFileReference; lastKnownFileType = sourcecode.swift; path = WeatherModelMapper.swift; sourceTree = "<group>"; };
		C87527812897A26700A741AC /* WeatherSettingView.swift */ = {isa = PBXFileReference; lastKnownFileType = sourcecode.swift; path = WeatherSettingView.swift; sourceTree = "<group>"; };
		C893817A28977457003A55FA /* WeatherHomeView.swift */ = {isa = PBXFileReference; lastKnownFileType = sourcecode.swift; path = WeatherHomeView.swift; sourceTree = "<group>"; };
		C8A3723F2895D05A00D4BA81 /* App Clima.app */ = {isa = PBXFileReference; explicitFileType = wrapper.application; includeInIndex = 0; path = "App Clima.app"; sourceTree = BUILT_PRODUCTS_DIR; };
		C8A372422895D05A00D4BA81 /* App_ClimaApp.swift */ = {isa = PBXFileReference; lastKnownFileType = sourcecode.swift; path = App_ClimaApp.swift; sourceTree = "<group>"; };
		C8A372462895D06100D4BA81 /* Assets.xcassets */ = {isa = PBXFileReference; lastKnownFileType = folder.assetcatalog; path = Assets.xcassets; sourceTree = "<group>"; };
		C8A372492895D06100D4BA81 /* Preview Assets.xcassets */ = {isa = PBXFileReference; lastKnownFileType = folder.assetcatalog; path = "Preview Assets.xcassets"; sourceTree = "<group>"; };
		C8A372502895D22E00D4BA81 /* WeatherResponseModel.swift */ = {isa = PBXFileReference; lastKnownFileType = sourcecode.swift; path = WeatherResponseModel.swift; sourceTree = "<group>"; };
		C8A372552895DFCE00D4BA81 /* App-Clima-Info.plist */ = {isa = PBXFileReference; lastKnownFileType = text.plist; path = "App-Clima-Info.plist"; sourceTree = SOURCE_ROOT; };
		C8EABD612898319A0003B3E2 /* WeatherAddCityView.swift */ = {isa = PBXFileReference; lastKnownFileType = sourcecode.swift; path = WeatherAddCityView.swift; sourceTree = "<group>"; };
		C8EABD6528985BAF0003B3E2 /* Constants.swift */ = {isa = PBXFileReference; lastKnownFileType = sourcecode.swift; path = Constants.swift; sourceTree = "<group>"; };
		C8EABD6828988A550003B3E2 /* WeatherHomeRowView.swift */ = {isa = PBXFileReference; lastKnownFileType = sourcecode.swift; path = WeatherHomeRowView.swift; sourceTree = "<group>"; };
		C8EABD6A2898A44A0003B3E2 /* ApiClient.swift */ = {isa = PBXFileReference; lastKnownFileType = sourcecode.swift; path = ApiClient.swift; sourceTree = "<group>"; };
		C8EABD742898BE4C0003B3E2 /* CityDetailsView.swift */ = {isa = PBXFileReference; lastKnownFileType = sourcecode.swift; path = CityDetailsView.swift; sourceTree = "<group>"; };
/* End PBXFileReference section */

/* Begin PBXFrameworksBuildPhase section */
		C8A3723C2895D05A00D4BA81 /* Frameworks */ = {
			isa = PBXFrameworksBuildPhase;
			buildActionMask = 2147483647;
			files = (
			);
			runOnlyForDeploymentPostprocessing = 0;
		};
/* End PBXFrameworksBuildPhase section */

/* Begin PBXGroup section */
		C893819628979ABE003A55FA /* home */ = {
			isa = PBXGroup;
			children = (
				C8EABD6E2898BD200003B3E2 /* view */,
				C8EABD6F2898BD270003B3E2 /* worker */,
				C8EABD702898BD3A0003B3E2 /* model */,
			);
			path = home;
			sourceTree = "<group>";
		};
		C8A372362895D05A00D4BA81 = {
			isa = PBXGroup;
			children = (
				C8A372412895D05A00D4BA81 /* App Clima */,
				C8A372402895D05A00D4BA81 /* Products */,
			);
			sourceTree = "<group>";
		};
		C8A372402895D05A00D4BA81 /* Products */ = {
			isa = PBXGroup;
			children = (
				C8A3723F2895D05A00D4BA81 /* App Clima.app */,
			);
			name = Products;
			sourceTree = "<group>";
		};
		C8A372412895D05A00D4BA81 /* App Clima */ = {
			isa = PBXGroup;
			children = (
				C8EABD6428985B920003B3E2 /* framework */,
				C893819628979ABE003A55FA /* home */,
				C8EABD6C2898BCAA0003B3E2 /* details */,
				C8EABD63289859190003B3E2 /* add city */,
				C8EABD67289876160003B3E2 /* settings */,
				C8A372552895DFCE00D4BA81 /* App-Clima-Info.plist */,
				C8A372422895D05A00D4BA81 /* App_ClimaApp.swift */,
				C8A372462895D06100D4BA81 /* Assets.xcassets */,
				C8A372482895D06100D4BA81 /* Preview Content */,
				C8A372522895D80F00D4BA81 /* Model */,
			);
			path = "App Clima";
			sourceTree = "<group>";
		};
		C8A372482895D06100D4BA81 /* Preview Content */ = {
			isa = PBXGroup;
			children = (
				C8A372492895D06100D4BA81 /* Preview Assets.xcassets */,
			);
			path = "Preview Content";
			sourceTree = "<group>";
		};
		C8A372522895D80F00D4BA81 /* Model */ = {
			isa = PBXGroup;
			children = (
			);
			path = Model;
			sourceTree = "<group>";
		};
		C8EABD63289859190003B3E2 /* add city */ = {
			isa = PBXGroup;
			children = (
				C8EABD792898DC630003B3E2 /* view */,
				C8EABD7A2898DC690003B3E2 /* worker */,
				C8EABD7B2898DC730003B3E2 /* model */,
			);
			path = "add city";
			sourceTree = "<group>";
		};
		C8EABD6428985B920003B3E2 /* framework */ = {
			isa = PBXGroup;
			children = (
				C8EABD6528985BAF0003B3E2 /* Constants.swift */,
				C8EABD6A2898A44A0003B3E2 /* ApiClient.swift */,
			);
			path = framework;
			sourceTree = "<group>";
		};
		C8EABD67289876160003B3E2 /* settings */ = {
			isa = PBXGroup;
			children = (
				C8EABD762898DC380003B3E2 /* view */,
				C8EABD772898DC3F0003B3E2 /* worker */,
				C8EABD782898DC470003B3E2 /* model */,
			);
			path = settings;
			sourceTree = "<group>";
		};
		C8EABD6C2898BCAA0003B3E2 /* details */ = {
			isa = PBXGroup;
			children = (
				C8EABD712898BE1C0003B3E2 /* view */,
				C8EABD722898BE230003B3E2 /* worker */,
				C8EABD732898BE2A0003B3E2 /* model */,
			);
			path = details;
			sourceTree = "<group>";
		};
		C8EABD6E2898BD200003B3E2 /* view */ = {
			isa = PBXGroup;
			children = (
				C893817A28977457003A55FA /* WeatherHomeView.swift */,
				C8EABD6828988A550003B3E2 /* WeatherHomeRowView.swift */,
			);
			path = view;
			sourceTree = "<group>";
		};
		C8EABD6F2898BD270003B3E2 /* worker */ = {
			isa = PBXGroup;
			children = (
				C858757828961B490089244E /* WeatherModelMapper.swift */,
			);
			path = worker;
			sourceTree = "<group>";
		};
		C8EABD702898BD3A0003B3E2 /* model */ = {
			isa = PBXGroup;
			children = (
				C8A372502895D22E00D4BA81 /* WeatherResponseModel.swift */,
				C85875762895FF410089244E /* WeatherModel.swift */,
			);
			path = model;
			sourceTree = "<group>";
		};
		C8EABD712898BE1C0003B3E2 /* view */ = {
			isa = PBXGroup;
			children = (
				C8EABD742898BE4C0003B3E2 /* CityDetailsView.swift */,
			);
			path = view;
			sourceTree = "<group>";
		};
		C8EABD722898BE230003B3E2 /* worker */ = {
			isa = PBXGroup;
			children = (
			);
			path = worker;
			sourceTree = "<group>";
		};
		C8EABD732898BE2A0003B3E2 /* model */ = {
			isa = PBXGroup;
			children = (
			);
			path = model;
			sourceTree = "<group>";
		};
		C8EABD762898DC380003B3E2 /* view */ = {
			isa = PBXGroup;
			children = (
				C87527812897A26700A741AC /* WeatherSettingView.swift */,
			);
			path = view;
			sourceTree = "<group>";
		};
		C8EABD772898DC3F0003B3E2 /* worker */ = {
			isa = PBXGroup;
			children = (
			);
			path = worker;
			sourceTree = "<group>";
		};
		C8EABD782898DC470003B3E2 /* model */ = {
			isa = PBXGroup;
			children = (
			);
			path = model;
			sourceTree = "<group>";
		};
		C8EABD792898DC630003B3E2 /* view */ = {
			isa = PBXGroup;
			children = (
				C8EABD612898319A0003B3E2 /* WeatherAddCityView.swift */,
			);
			path = view;
			sourceTree = "<group>";
		};
		C8EABD7A2898DC690003B3E2 /* worker */ = {
			isa = PBXGroup;
			children = (
			);
			path = worker;
			sourceTree = "<group>";
		};
		C8EABD7B2898DC730003B3E2 /* model */ = {
			isa = PBXGroup;
			children = (
			);
			path = model;
			sourceTree = "<group>";
		};
/* End PBXGroup section */

/* Begin PBXNativeTarget section */
		C8A3723E2895D05A00D4BA81 /* App Clima */ = {
			isa = PBXNativeTarget;
			buildConfigurationList = C8A3724D2895D06100D4BA81 /* Build configuration list for PBXNativeTarget "App Clima" */;
			buildPhases = (
				C8A3723B2895D05A00D4BA81 /* Sources */,
				C8A3723C2895D05A00D4BA81 /* Frameworks */,
				C8A3723D2895D05A00D4BA81 /* Resources */,
			);
			buildRules = (
			);
			dependencies = (
			);
			name = "App Clima";
			productName = "App Clima";
			productReference = C8A3723F2895D05A00D4BA81 /* App Clima.app */;
			productType = "com.apple.product-type.application";
		};
/* End PBXNativeTarget section */

/* Begin PBXProject section */
		C8A372372895D05A00D4BA81 /* Project object */ = {
			isa = PBXProject;
			attributes = {
				BuildIndependentTargetsInParallel = 1;
				LastSwiftUpdateCheck = 1340;
				LastUpgradeCheck = 1340;
				TargetAttributes = {
					C8A3723E2895D05A00D4BA81 = {
						CreatedOnToolsVersion = 13.4.1;
					};
				};
			};
			buildConfigurationList = C8A3723A2895D05A00D4BA81 /* Build configuration list for PBXProject "App Clima" */;
			compatibilityVersion = "Xcode 13.0";
			developmentRegion = en;
			hasScannedForEncodings = 0;
			knownRegions = (
				en,
				Base,
			);
			mainGroup = C8A372362895D05A00D4BA81;
			productRefGroup = C8A372402895D05A00D4BA81 /* Products */;
			projectDirPath = "";
			projectRoot = "";
			targets = (
				C8A3723E2895D05A00D4BA81 /* App Clima */,
			);
		};
/* End PBXProject section */

/* Begin PBXResourcesBuildPhase section */
		C8A3723D2895D05A00D4BA81 /* Resources */ = {
			isa = PBXResourcesBuildPhase;
			buildActionMask = 2147483647;
			files = (
				C8A3724A2895D06100D4BA81 /* Preview Assets.xcassets in Resources */,
				C8A372472895D06100D4BA81 /* Assets.xcassets in Resources */,
			);
			runOnlyForDeploymentPostprocessing = 0;
		};
/* End PBXResourcesBuildPhase section */

/* Begin PBXSourcesBuildPhase section */
		C8A3723B2895D05A00D4BA81 /* Sources */ = {
			isa = PBXSourcesBuildPhase;
			buildActionMask = 2147483647;
			files = (
				C8EABD622898319A0003B3E2 /* WeatherAddCityView.swift in Sources */,
				C8A372512895D22E00D4BA81 /* WeatherResponseModel.swift in Sources */,
				C8A372432895D05A00D4BA81 /* App_ClimaApp.swift in Sources */,
				C8EABD6628985BAF0003B3E2 /* Constants.swift in Sources */,
				C87527822897A26700A741AC /* WeatherSettingView.swift in Sources */,
				C8EABD752898BE4C0003B3E2 /* CityDetailsView.swift in Sources */,
				C8EABD6928988A550003B3E2 /* WeatherHomeRowView.swift in Sources */,
				C893817B28977457003A55FA /* WeatherHomeView.swift in Sources */,
				C85875772895FF410089244E /* WeatherModel.swift in Sources */,
				C858757928961B490089244E /* WeatherModelMapper.swift in Sources */,
				C8EABD6B2898A44A0003B3E2 /* ApiClient.swift in Sources */,
			);
			runOnlyForDeploymentPostprocessing = 0;
		};
/* End PBXSourcesBuildPhase section */

/* Begin XCBuildConfiguration section */
		C8A3724B2895D06100D4BA81 /* Debug */ = {
			isa = XCBuildConfiguration;
			buildSettings = {
				ALWAYS_SEARCH_USER_PATHS = NO;
				CLANG_ANALYZER_NONNULL = YES;
				CLANG_ANALYZER_NUMBER_OBJECT_CONVERSION = YES_AGGRESSIVE;
				CLANG_CXX_LANGUAGE_STANDARD = "gnu++17";
				CLANG_ENABLE_MODULES = YES;
				CLANG_ENABLE_OBJC_ARC = YES;
				CLANG_ENABLE_OBJC_WEAK = YES;
				CLANG_WARN_BLOCK_CAPTURE_AUTORELEASING = YES;
				CLANG_WARN_BOOL_CONVERSION = YES;
				CLANG_WARN_COMMA = YES;
				CLANG_WARN_CONSTANT_CONVERSION = YES;
				CLANG_WARN_DEPRECATED_OBJC_IMPLEMENTATIONS = YES;
				CLANG_WARN_DIRECT_OBJC_ISA_USAGE = YES_ERROR;
				CLANG_WARN_DOCUMENTATION_COMMENTS = YES;
				CLANG_WARN_EMPTY_BODY = YES;
				CLANG_WARN_ENUM_CONVERSION = YES;
				CLANG_WARN_INFINITE_RECURSION = YES;
				CLANG_WARN_INT_CONVERSION = YES;
				CLANG_WARN_NON_LITERAL_NULL_CONVERSION = YES;
				CLANG_WARN_OBJC_IMPLICIT_RETAIN_SELF = YES;
				CLANG_WARN_OBJC_LITERAL_CONVERSION = YES;
				CLANG_WARN_OBJC_ROOT_CLASS = YES_ERROR;
				CLANG_WARN_QUOTED_INCLUDE_IN_FRAMEWORK_HEADER = YES;
				CLANG_WARN_RANGE_LOOP_ANALYSIS = YES;
				CLANG_WARN_STRICT_PROTOTYPES = YES;
				CLANG_WARN_SUSPICIOUS_MOVE = YES;
				CLANG_WARN_UNGUARDED_AVAILABILITY = YES_AGGRESSIVE;
				CLANG_WARN_UNREACHABLE_CODE = YES;
				CLANG_WARN__DUPLICATE_METHOD_MATCH = YES;
				COPY_PHASE_STRIP = NO;
				DEBUG_INFORMATION_FORMAT = dwarf;
				ENABLE_STRICT_OBJC_MSGSEND = YES;
				ENABLE_TESTABILITY = YES;
				GCC_C_LANGUAGE_STANDARD = gnu11;
				GCC_DYNAMIC_NO_PIC = NO;
				GCC_NO_COMMON_BLOCKS = YES;
				GCC_OPTIMIZATION_LEVEL = 0;
				GCC_PREPROCESSOR_DEFINITIONS = (
					"DEBUG=1",
					"$(inherited)",
				);
				GCC_WARN_64_TO_32_BIT_CONVERSION = YES;
				GCC_WARN_ABOUT_RETURN_TYPE = YES_ERROR;
				GCC_WARN_UNDECLARED_SELECTOR = YES;
				GCC_WARN_UNINITIALIZED_AUTOS = YES_AGGRESSIVE;
				GCC_WARN_UNUSED_FUNCTION = YES;
				GCC_WARN_UNUSED_VARIABLE = YES;
				IPHONEOS_DEPLOYMENT_TARGET = 15.5;
				MTL_ENABLE_DEBUG_INFO = INCLUDE_SOURCE;
				MTL_FAST_MATH = YES;
				ONLY_ACTIVE_ARCH = YES;
				SDKROOT = iphoneos;
				SWIFT_ACTIVE_COMPILATION_CONDITIONS = DEBUG;
				SWIFT_OPTIMIZATION_LEVEL = "-Onone";
			};
			name = Debug;
		};
		C8A3724C2895D06100D4BA81 /* Release */ = {
			isa = XCBuildConfiguration;
			buildSettings = {
				ALWAYS_SEARCH_USER_PATHS = NO;
				CLANG_ANALYZER_NONNULL = YES;
				CLANG_ANALYZER_NUMBER_OBJECT_CONVERSION = YES_AGGRESSIVE;
				CLANG_CXX_LANGUAGE_STANDARD = "gnu++17";
				CLANG_ENABLE_MODULES = YES;
				CLANG_ENABLE_OBJC_ARC = YES;
				CLANG_ENABLE_OBJC_WEAK = YES;
				CLANG_WARN_BLOCK_CAPTURE_AUTORELEASING = YES;
				CLANG_WARN_BOOL_CONVERSION = YES;
				CLANG_WARN_COMMA = YES;
				CLANG_WARN_CONSTANT_CONVERSION = YES;
				CLANG_WARN_DEPRECATED_OBJC_IMPLEMENTATIONS = YES;
				CLANG_WARN_DIRECT_OBJC_ISA_USAGE = YES_ERROR;
				CLANG_WARN_DOCUMENTATION_COMMENTS = YES;
				CLANG_WARN_EMPTY_BODY = YES;
				CLANG_WARN_ENUM_CONVERSION = YES;
				CLANG_WARN_INFINITE_RECURSION = YES;
				CLANG_WARN_INT_CONVERSION = YES;
				CLANG_WARN_NON_LITERAL_NULL_CONVERSION = YES;
				CLANG_WARN_OBJC_IMPLICIT_RETAIN_SELF = YES;
				CLANG_WARN_OBJC_LITERAL_CONVERSION = YES;
				CLANG_WARN_OBJC_ROOT_CLASS = YES_ERROR;
				CLANG_WARN_QUOTED_INCLUDE_IN_FRAMEWORK_HEADER = YES;
				CLANG_WARN_RANGE_LOOP_ANALYSIS = YES;
				CLANG_WARN_STRICT_PROTOTYPES = YES;
				CLANG_WARN_SUSPICIOUS_MOVE = YES;
				CLANG_WARN_UNGUARDED_AVAILABILITY = YES_AGGRESSIVE;
				CLANG_WARN_UNREACHABLE_CODE = YES;
				CLANG_WARN__DUPLICATE_METHOD_MATCH = YES;
				COPY_PHASE_STRIP = NO;
				DEBUG_INFORMATION_FORMAT = "dwarf-with-dsym";
				ENABLE_NS_ASSERTIONS = NO;
				ENABLE_STRICT_OBJC_MSGSEND = YES;
				GCC_C_LANGUAGE_STANDARD = gnu11;
				GCC_NO_COMMON_BLOCKS = YES;
				GCC_WARN_64_TO_32_BIT_CONVERSION = YES;
				GCC_WARN_ABOUT_RETURN_TYPE = YES_ERROR;
				GCC_WARN_UNDECLARED_SELECTOR = YES;
				GCC_WARN_UNINITIALIZED_AUTOS = YES_AGGRESSIVE;
				GCC_WARN_UNUSED_FUNCTION = YES;
				GCC_WARN_UNUSED_VARIABLE = YES;
				IPHONEOS_DEPLOYMENT_TARGET = 15.5;
				MTL_ENABLE_DEBUG_INFO = NO;
				MTL_FAST_MATH = YES;
				SDKROOT = iphoneos;
				SWIFT_COMPILATION_MODE = wholemodule;
				SWIFT_OPTIMIZATION_LEVEL = "-O";
				VALIDATE_PRODUCT = YES;
			};
			name = Release;
		};
		C8A3724E2895D06100D4BA81 /* Debug */ = {
			isa = XCBuildConfiguration;
			buildSettings = {
				ASSETCATALOG_COMPILER_APPICON_NAME = AppIcon;
				ASSETCATALOG_COMPILER_GLOBAL_ACCENT_COLOR_NAME = AccentColor;
				CODE_SIGN_STYLE = Automatic;
				CURRENT_PROJECT_VERSION = 1;
				DEVELOPMENT_ASSET_PATHS = "\"App Clima/Preview Content\"";
				ENABLE_PREVIEWS = YES;
				GENERATE_INFOPLIST_FILE = YES;
				INFOPLIST_FILE = "App-Clima-Info.plist";
				INFOPLIST_KEY_UIApplicationSceneManifest_Generation = YES;
				INFOPLIST_KEY_UIApplicationSupportsIndirectInputEvents = YES;
				INFOPLIST_KEY_UILaunchScreen_Generation = YES;
				INFOPLIST_KEY_UISupportedInterfaceOrientations_iPad = "UIInterfaceOrientationPortrait UIInterfaceOrientationPortraitUpsideDown UIInterfaceOrientationLandscapeLeft UIInterfaceOrientationLandscapeRight";
				INFOPLIST_KEY_UISupportedInterfaceOrientations_iPhone = "UIInterfaceOrientationPortrait UIInterfaceOrientationLandscapeLeft UIInterfaceOrientationLandscapeRight";
				IPHONEOS_DEPLOYMENT_TARGET = 15.5;
				LD_RUNPATH_SEARCH_PATHS = (
					"$(inherited)",
					"@executable_path/Frameworks",
				);
				MARKETING_VERSION = 1.0;
				PRODUCT_BUNDLE_IDENTIFIER = "com.JuanCastan-eda.TableViews.App-Clima";
				PRODUCT_NAME = "$(TARGET_NAME)";
				SWIFT_EMIT_LOC_STRINGS = YES;
				SWIFT_VERSION = 5.0;
				TARGETED_DEVICE_FAMILY = "1,2";
			};
			name = Debug;
		};
		C8A3724F2895D06100D4BA81 /* Release */ = {
			isa = XCBuildConfiguration;
			buildSettings = {
				ASSETCATALOG_COMPILER_APPICON_NAME = AppIcon;
				ASSETCATALOG_COMPILER_GLOBAL_ACCENT_COLOR_NAME = AccentColor;
				CODE_SIGN_STYLE = Automatic;
				CURRENT_PROJECT_VERSION = 1;
				DEVELOPMENT_ASSET_PATHS = "\"App Clima/Preview Content\"";
				ENABLE_PREVIEWS = YES;
				GENERATE_INFOPLIST_FILE = YES;
				INFOPLIST_FILE = "App-Clima-Info.plist";
				INFOPLIST_KEY_UIApplicationSceneManifest_Generation = YES;
				INFOPLIST_KEY_UIApplicationSupportsIndirectInputEvents = YES;
				INFOPLIST_KEY_UILaunchScreen_Generation = YES;
				INFOPLIST_KEY_UISupportedInterfaceOrientations_iPad = "UIInterfaceOrientationPortrait UIInterfaceOrientationPortraitUpsideDown UIInterfaceOrientationLandscapeLeft UIInterfaceOrientationLandscapeRight";
				INFOPLIST_KEY_UISupportedInterfaceOrientations_iPhone = "UIInterfaceOrientationPortrait UIInterfaceOrientationLandscapeLeft UIInterfaceOrientationLandscapeRight";
				IPHONEOS_DEPLOYMENT_TARGET = 15.5;
				LD_RUNPATH_SEARCH_PATHS = (
					"$(inherited)",
					"@executable_path/Frameworks",
				);
				MARKETING_VERSION = 1.0;
				PRODUCT_BUNDLE_IDENTIFIER = "com.JuanCastan-eda.TableViews.App-Clima";
				PRODUCT_NAME = "$(TARGET_NAME)";
				SWIFT_EMIT_LOC_STRINGS = YES;
				SWIFT_VERSION = 5.0;
				TARGETED_DEVICE_FAMILY = "1,2";
			};
			name = Release;
		};
/* End XCBuildConfiguration section */

/* Begin XCConfigurationList section */
		C8A3723A2895D05A00D4BA81 /* Build configuration list for PBXProject "App Clima" */ = {
			isa = XCConfigurationList;
			buildConfigurations = (
				C8A3724B2895D06100D4BA81 /* Debug */,
				C8A3724C2895D06100D4BA81 /* Release */,
			);
			defaultConfigurationIsVisible = 0;
			defaultConfigurationName = Release;
		};
		C8A3724D2895D06100D4BA81 /* Build configuration list for PBXNativeTarget "App Clima" */ = {
			isa = XCConfigurationList;
			buildConfigurations = (
				C8A3724E2895D06100D4BA81 /* Debug */,
				C8A3724F2895D06100D4BA81 /* Release */,
			);
			defaultConfigurationIsVisible = 0;
			defaultConfigurationName = Release;
		};
/* End XCConfigurationList section */
	};
	rootObject = C8A372372895D05A00D4BA81 /* Project object */;
}
